
Microsoft Visual Studio Solution File, Format Version 12.00
# Visual Studio 15
VisualStudioVersion = 15.0.27703.2042
MinimumVisualStudioVersion = 10.0.40219.1
Project("{FAE04EC0-301F-11D3-BF4B-00C04F79EFBC}") = "Music", "Music\Music.csproj", "{17979C7E-935F-48FB-B5AA-BDB2642FDA21}"
EndProject
Global
	GlobalSection(SolutionConfigurationPlatforms) = preSolution
		Debug|Any CPU = Debug|Any CPU
		Release|Any CPU = Release|Any CPU
	EndGlobalSection
	GlobalSection(ProjectConfigurationPlatforms) = postSolution
		{17979C7E-935F-48FB-B5AA-BDB2642FDA21}.Debug|Any CPU.ActiveCfg = Debug|Any CPU
		{17979C7E-935F-48FB-B5AA-BDB2642FDA21}.Debug|Any CPU.Build.0 = Debug|Any CPU
		{17979C7E-935F-48FB-B5AA-BDB2642FDA21}.Release|Any CPU.ActiveCfg = Release|Any CPU
		{17979C7E-935F-48FB-B5AA-BDB2642FDA21}.Release|Any CPU.Build.0 = Release|Any CPU
	EndGlobalSection
	GlobalSection(SolutionProperties) = preSolution
		HideSolutionNode = FALSE
	EndGlobalSection
	GlobalSection(ExtensibilityGlobals) = postSolution
		SolutionGuid = {8132ED19-FD05-4FD6-90A5-4E72E6DE7F44}
	EndGlobalSection
EndGlobal
